
Microsoft Visual Studio Solution File, Format Version 12.00
# Visual Studio 15
VisualStudioVersion = 15.0.28307.168
MinimumVisualStudioVersion = 10.0.40219.1
Project("{FAE04EC0-301F-11D3-BF4B-00C04F79EFBC}") = "c0723560-week05", "c0723560-week05\c0723560-week05.csproj", "{36CAF989-A3A7-497E-A73E-AB10C1692BD4}"
EndProject
Global
	GlobalSection(SolutionConfigurationPlatforms) = preSolution
		Debug|Any CPU = Debug|Any CPU
		Release|Any CPU = Release|Any CPU
	EndGlobalSection
	GlobalSection(ProjectConfigurationPlatforms) = postSolution
		{36CAF989-A3A7-497E-A73E-AB10C1692BD4}.Debug|Any CPU.ActiveCfg = Debug|Any CPU
		{36CAF989-A3A7-497E-A73E-AB10C1692BD4}.Debug|Any CPU.Build.0 = Debug|Any CPU
		{36CAF989-A3A7-497E-A73E-AB10C1692BD4}.Release|Any CPU.ActiveCfg = Release|Any CPU
		{36CAF989-A3A7-497E-A73E-AB10C1692BD4}.Release|Any CPU.Build.0 = Release|Any CPU
	EndGlobalSection
	GlobalSection(SolutionProperties) = preSolution
		HideSolutionNode = FALSE
	EndGlobalSection
	GlobalSection(ExtensibilityGlobals) = postSolution
		SolutionGuid = {05403F01-7099-4E8C-9374-DF4EA465E208}
	EndGlobalSection
EndGlobal
